
Microsoft Visual Studio Solution File, Format Version 11.00
# Visual Studio 2010
Project("{FAE04EC0-301F-11D3-BF4B-00C04F79EFBC}") = "Assembly-CSharp", "Assembly-CSharp.csproj", "{75109962-5A44-743C-5DB4-6AFA2D8EFB28}"
EndProject
Project("{FAE04EC0-301F-11D3-BF4B-00C04F79EFBC}") = "Assembly-CSharp-Editor", "Assembly-CSharp-Editor.csproj", "{3F214435-2A7E-580A-9469-3FDDC1650856}"
EndProject
Global
	GlobalSection(SolutionConfigurationPlatforms) = preSolution
		Debug|Any CPU = Debug|Any CPU
		Release|Any CPU = Release|Any CPU
	EndGlobalSection
	GlobalSection(ProjectConfigurationPlatforms) = postSolution
		{75109962-5A44-743C-5DB4-6AFA2D8EFB28}.Debug|Any CPU.ActiveCfg = Debug|Any CPU
		{75109962-5A44-743C-5DB4-6AFA2D8EFB28}.Debug|Any CPU.Build.0 = Debug|Any CPU
		{75109962-5A44-743C-5DB4-6AFA2D8EFB28}.Release|Any CPU.ActiveCfg = Release|Any CPU
		{75109962-5A44-743C-5DB4-6AFA2D8EFB28}.Release|Any CPU.Build.0 = Release|Any CPU
		{3F214435-2A7E-580A-9469-3FDDC1650856}.Debug|Any CPU.ActiveCfg = Debug|Any CPU
		{3F214435-2A7E-580A-9469-3FDDC1650856}.Debug|Any CPU.Build.0 = Debug|Any CPU
		{3F214435-2A7E-580A-9469-3FDDC1650856}.Release|Any CPU.ActiveCfg = Release|Any CPU
		{3F214435-2A7E-580A-9469-3FDDC1650856}.Release|Any CPU.Build.0 = Release|Any CPU
	EndGlobalSection
	GlobalSection(SolutionProperties) = preSolution
		HideSolutionNode = FALSE
	EndGlobalSection
EndGlobal
